
Microsoft Visual Studio Solution File, Format Version 12.00
# Visual Studio Version 17
VisualStudioVersion = 17.14.36202.13 d17.14
MinimumVisualStudioVersion = 10.0.40219.1
Project("{FAE04EC0-301F-11D3-BF4B-00C04F79EFBC}") = "Asenkron Programlama2", "Asenkron Programlama2\Asenkron Programlama2.csproj", "{D4ABDB96-CF7B-430C-9616-AA6C7D108619}"
EndProject
Global
	GlobalSection(SolutionConfigurationPlatforms) = preSolution
		Debug|Any CPU = Debug|Any CPU
		Release|Any CPU = Release|Any CPU
	EndGlobalSection
	GlobalSection(ProjectConfigurationPlatforms) = postSolution
		{D4ABDB96-CF7B-430C-9616-AA6C7D108619}.Debug|Any CPU.ActiveCfg = Debug|Any CPU
		{D4ABDB96-CF7B-430C-9616-AA6C7D108619}.Debug|Any CPU.Build.0 = Debug|Any CPU
		{D4ABDB96-CF7B-430C-9616-AA6C7D108619}.Release|Any CPU.ActiveCfg = Release|Any CPU
		{D4ABDB96-CF7B-430C-9616-AA6C7D108619}.Release|Any CPU.Build.0 = Release|Any CPU
	EndGlobalSection
	GlobalSection(SolutionProperties) = preSolution
		HideSolutionNode = FALSE
	EndGlobalSection
	GlobalSection(ExtensibilityGlobals) = postSolution
		SolutionGuid = {2A037525-8382-46E5-AE6A-8148563B4425}
	EndGlobalSection
EndGlobal
